<?xml version="1.0" encoding="UTF-8"?>
<!DOCTYPE plist PUBLIC "-//Apple//DTD PLIST 1.0//EN" "http://www.apple.com/DTDs/PropertyList-1.0.dtd">
<plist version="1.0">
<dict>
	<key>archiveVersion</key>
	<string>1</string>
	<key>classes</key>
	<dict/>
	<key>objectVersion</key>
	<string>46</string>
	<key>objects</key>
	<dict>
		<key>3C1939FDBF8A4E8E8174BED8</key>
		<dict>
			<key>includeInIndex</key>
			<string>1</string>
			<key>isa</key>
			<string>PBXFileReference</string>
			<key>lastKnownFileType</key>
			<string>text.xcconfig</string>
			<key>name</key>
			<string>Pods.xcconfig</string>
			<key>path</key>
			<string>Pods/Pods.xcconfig</string>
			<key>sourceTree</key>
			<string>SOURCE_ROOT</string>
		</dict>
		<key>3D069C7EE3134BD8B5D02902</key>
		<dict>
			<key>fileRef</key>
			<string>B8029C177F0C4C9486B0A095</string>
			<key>isa</key>
			<string>PBXBuildFile</string>
		</dict>
		<key>4B522604C8134F8FAE844F42</key>
		<dict>
			<key>buildActionMask</key>
			<string>2147483647</string>
			<key>files</key>
			<array/>
			<key>inputPaths</key>
			<array/>
			<key>isa</key>
			<string>PBXShellScriptBuildPhase</string>
			<key>name</key>
			<string>Copy Pods Resources</string>
			<key>outputPaths</key>
			<array/>
			<key>runOnlyForDeploymentPostprocessing</key>
			<string>0</string>
			<key>shellPath</key>
			<string>/bin/sh</string>
			<key>shellScript</key>
			<string>"${SRCROOT}/Pods/Pods-resources.sh"
</string>
		</dict>
		<key>57F227F115F0C3C5005DAA3C</key>
		<dict>
			<key>children</key>
			<array>
				<string>57F2280615F0C3C5005DAA3C</string>
				<string>57F2282415F0C3C5005DAA3C</string>
				<string>57F227FF15F0C3C5005DAA3C</string>
				<string>57F227FD15F0C3C5005DAA3C</string>
				<string>3C1939FDBF8A4E8E8174BED8</string>
			</array>
			<key>isa</key>
			<string>PBXGroup</string>
			<key>sourceTree</key>
			<string>&lt;group&gt;</string>
		</dict>
		<key>57F227F315F0C3C5005DAA3C</key>
		<dict>
			<key>attributes</key>
			<dict>
				<key>CLASSPREFIX</key>
				<string>AG</string>
				<key>LastUpgradeCheck</key>
				<string>0440</string>
				<key>ORGANIZATIONNAME</key>
				<string>JBoss</string>
			</dict>
			<key>buildConfigurationList</key>
			<string>57F227F615F0C3C5005DAA3C</string>
			<key>compatibilityVersion</key>
			<string>Xcode 3.2</string>
			<key>developmentRegion</key>
			<string>English</string>
			<key>hasScannedForEncodings</key>
			<string>0</string>
			<key>isa</key>
			<string>PBXProject</string>
			<key>knownRegions</key>
			<array>
				<string>en</string>
			</array>
			<key>mainGroup</key>
			<string>57F227F115F0C3C5005DAA3C</string>
			<key>productRefGroup</key>
			<string>57F227FD15F0C3C5005DAA3C</string>
			<key>projectDirPath</key>
			<string></string>
			<key>projectRoot</key>
			<string></string>
			<key>targets</key>
			<array>
				<string>57F227FB15F0C3C5005DAA3C</string>
				<string>57F2281C15F0C3C5005DAA3C</string>
			</array>
		</dict>
		<key>57F227F615F0C3C5005DAA3C</key>
		<dict>
			<key>buildConfigurations</key>
			<array>
				<string>57F2282D15F0C3C5005DAA3C</string>
				<string>57F2282E15F0C3C5005DAA3C</string>
			</array>
			<key>defaultConfigurationIsVisible</key>
			<string>0</string>
			<key>defaultConfigurationName</key>
			<string>Release</string>
			<key>isa</key>
			<string>XCConfigurationList</string>
		</dict>
		<key>57F227F815F0C3C5005DAA3C</key>
		<dict>
			<key>buildActionMask</key>
			<string>2147483647</string>
			<key>files</key>
			<array>
				<string>57F2280D15F0C3C5005DAA3C</string>
				<string>57F2281115F0C3C5005DAA3C</string>
				<string>57F2281715F0C3C5005DAA3C</string>
			</array>
			<key>isa</key>
			<string>PBXSourcesBuildPhase</string>
			<key>runOnlyForDeploymentPostprocessing</key>
			<string>0</string>
		</dict>
		<key>57F227F915F0C3C5005DAA3C</key>
		<dict>
			<key>buildActionMask</key>
			<string>2147483647</string>
			<key>files</key>
			<array>
				<string>57F2280115F0C3C5005DAA3C</string>
				<string>57F2280315F0C3C5005DAA3C</string>
				<string>57F2280515F0C3C5005DAA3C</string>
				<string>3D069C7EE3134BD8B5D02902</string>
			</array>
			<key>isa</key>
			<string>PBXFrameworksBuildPhase</string>
			<key>runOnlyForDeploymentPostprocessing</key>
			<string>0</string>
		</dict>
		<key>57F227FA15F0C3C5005DAA3C</key>
		<dict>
			<key>buildActionMask</key>
			<string>2147483647</string>
			<key>files</key>
			<array>
				<string>57F2280B15F0C3C5005DAA3C</string>
				<string>57F2281415F0C3C5005DAA3C</string>
			</array>
			<key>isa</key>
			<string>PBXResourcesBuildPhase</string>
			<key>runOnlyForDeploymentPostprocessing</key>
			<string>0</string>
		</dict>
		<key>57F227FB15F0C3C5005DAA3C</key>
		<dict>
			<key>buildConfigurationList</key>
			<string>57F2282F15F0C3C5005DAA3C</string>
			<key>buildPhases</key>
			<array>
				<string>57F227F815F0C3C5005DAA3C</string>
				<string>57F227F915F0C3C5005DAA3C</string>
				<string>57F227FA15F0C3C5005DAA3C</string>
				<string>4B522604C8134F8FAE844F42</string>
			</array>
			<key>buildRules</key>
			<array/>
			<key>dependencies</key>
			<array/>
			<key>isa</key>
			<string>PBXNativeTarget</string>
			<key>name</key>
			<string>AeroGear-TODO</string>
			<key>productName</key>
			<string>AeroGear-TODO</string>
			<key>productReference</key>
			<string>57F227FC15F0C3C5005DAA3C</string>
			<key>productType</key>
			<string>com.apple.product-type.application</string>
		</dict>
		<key>57F227FC15F0C3C5005DAA3C</key>
		<dict>
			<key>explicitFileType</key>
			<string>wrapper.application</string>
			<key>includeInIndex</key>
			<string>0</string>
			<key>isa</key>
			<string>PBXFileReference</string>
			<key>name</key>
			<string>AeroGear-TODO.app</string>
			<key>path</key>
			<string>AeroGear-TODO.app</string>
			<key>sourceTree</key>
			<string>BUILT_PRODUCTS_DIR</string>
		</dict>
		<key>57F227FD15F0C3C5005DAA3C</key>
		<dict>
			<key>children</key>
			<array>
				<string>57F227FC15F0C3C5005DAA3C</string>
				<string>57F2281D15F0C3C5005DAA3C</string>
			</array>
			<key>isa</key>
			<string>PBXGroup</string>
			<key>name</key>
			<string>Products</string>
			<key>sourceTree</key>
			<string>&lt;group&gt;</string>
		</dict>
		<key>57F227FF15F0C3C5005DAA3C</key>
		<dict>
			<key>children</key>
			<array>
				<string>57F2280015F0C3C5005DAA3C</string>
				<string>57F2280215F0C3C5005DAA3C</string>
				<string>57F2280415F0C3C5005DAA3C</string>
				<string>57F2281E15F0C3C5005DAA3C</string>
				<string>B8029C177F0C4C9486B0A095</string>
			</array>
			<key>isa</key>
			<string>PBXGroup</string>
			<key>name</key>
			<string>Frameworks</string>
			<key>sourceTree</key>
			<string>&lt;group&gt;</string>
		</dict>
		<key>57F2280015F0C3C5005DAA3C</key>
		<dict>
			<key>includeInIndex</key>
			<string>1</string>
			<key>isa</key>
			<string>PBXFileReference</string>
			<key>lastKnownFileType</key>
			<string>wrapper.framework</string>
			<key>name</key>
			<string>UIKit.framework</string>
			<key>path</key>
			<string>System/Library/Frameworks/UIKit.framework</string>
			<key>sourceTree</key>
			<string>SDKROOT</string>
		</dict>
		<key>57F2280115F0C3C5005DAA3C</key>
		<dict>
			<key>fileRef</key>
			<string>57F2280015F0C3C5005DAA3C</string>
			<key>isa</key>
			<string>PBXBuildFile</string>
		</dict>
		<key>57F2280215F0C3C5005DAA3C</key>
		<dict>
			<key>includeInIndex</key>
			<string>1</string>
			<key>isa</key>
			<string>PBXFileReference</string>
			<key>lastKnownFileType</key>
			<string>wrapper.framework</string>
			<key>name</key>
			<string>Foundation.framework</string>
			<key>path</key>
			<string>System/Library/Frameworks/Foundation.framework</string>
			<key>sourceTree</key>
			<string>SDKROOT</string>
		</dict>
		<key>57F2280315F0C3C5005DAA3C</key>
		<dict>
			<key>fileRef</key>
			<string>57F2280215F0C3C5005DAA3C</string>
			<key>isa</key>
			<string>PBXBuildFile</string>
		</dict>
		<key>57F2280415F0C3C5005DAA3C</key>
		<dict>
			<key>includeInIndex</key>
			<string>1</string>
			<key>isa</key>
			<string>PBXFileReference</string>
			<key>lastKnownFileType</key>
			<string>wrapper.framework</string>
			<key>name</key>
			<string>CoreGraphics.framework</string>
			<key>path</key>
			<string>System/Library/Frameworks/CoreGraphics.framework</string>
			<key>sourceTree</key>
			<string>SDKROOT</string>
		</dict>
		<key>57F2280515F0C3C5005DAA3C</key>
		<dict>
			<key>fileRef</key>
			<string>57F2280415F0C3C5005DAA3C</string>
			<key>isa</key>
			<string>PBXBuildFile</string>
		</dict>
		<key>57F2280615F0C3C5005DAA3C</key>
		<dict>
			<key>children</key>
			<array>
				<string>57F2280F15F0C3C5005DAA3C</string>
				<string>57F2281015F0C3C5005DAA3C</string>
				<string>57F2281215F0C3C5005DAA3C</string>
				<string>57F2281515F0C3C5005DAA3C</string>
				<string>57F2281615F0C3C5005DAA3C</string>
				<string>57F2280715F0C3C5005DAA3C</string>
			</array>
			<key>isa</key>
			<string>PBXGroup</string>
			<key>path</key>
			<string>AeroGear-TODO</string>
			<key>sourceTree</key>
			<string>&lt;group&gt;</string>
		</dict>
		<key>57F2280715F0C3C5005DAA3C</key>
		<dict>
			<key>children</key>
			<array>
				<string>57F2280815F0C3C5005DAA3C</string>
				<string>57F2280915F0C3C5005DAA3C</string>
				<string>57F2280C15F0C3C5005DAA3C</string>
				<string>57F2280E15F0C3C5005DAA3C</string>
			</array>
			<key>isa</key>
			<string>PBXGroup</string>
			<key>name</key>
			<string>Supporting Files</string>
			<key>sourceTree</key>
			<string>&lt;group&gt;</string>
		</dict>
		<key>57F2280815F0C3C5005DAA3C</key>
		<dict>
			<key>isa</key>
			<string>PBXFileReference</string>
			<key>lastKnownFileType</key>
			<string>text.plist.xml</string>
			<key>path</key>
			<string>AeroGear-TODO-Info.plist</string>
			<key>sourceTree</key>
			<string>&lt;group&gt;</string>
		</dict>
		<key>57F2280915F0C3C5005DAA3C</key>
		<dict>
			<key>children</key>
			<array>
				<string>57F2280A15F0C3C5005DAA3C</string>
			</array>
			<key>isa</key>
			<string>PBXVariantGroup</string>
			<key>name</key>
			<string>InfoPlist.strings</string>
			<key>sourceTree</key>
			<string>&lt;group&gt;</string>
		</dict>
		<key>57F2280A15F0C3C5005DAA3C</key>
		<dict>
			<key>isa</key>
			<string>PBXFileReference</string>
			<key>lastKnownFileType</key>
			<string>text.plist.strings</string>
			<key>name</key>
			<string>en</string>
			<key>path</key>
			<string>en.lproj/InfoPlist.strings</string>
			<key>sourceTree</key>
			<string>&lt;group&gt;</string>
		</dict>
		<key>57F2280B15F0C3C5005DAA3C</key>
		<dict>
			<key>fileRef</key>
			<string>57F2280915F0C3C5005DAA3C</string>
			<key>isa</key>
			<string>PBXBuildFile</string>
		</dict>
		<key>57F2280C15F0C3C5005DAA3C</key>
		<dict>
			<key>isa</key>
			<string>PBXFileReference</string>
			<key>lastKnownFileType</key>
			<string>sourcecode.c.objc</string>
			<key>path</key>
			<string>main.m</string>
			<key>sourceTree</key>
			<string>&lt;group&gt;</string>
		</dict>
		<key>57F2280D15F0C3C5005DAA3C</key>
		<dict>
			<key>fileRef</key>
			<string>57F2280C15F0C3C5005DAA3C</string>
			<key>isa</key>
			<string>PBXBuildFile</string>
		</dict>
		<key>57F2280E15F0C3C5005DAA3C</key>
		<dict>
			<key>isa</key>
			<string>PBXFileReference</string>
			<key>lastKnownFileType</key>
			<string>sourcecode.c.h</string>
			<key>path</key>
			<string>AeroGear-TODO-Prefix.pch</string>
			<key>sourceTree</key>
			<string>&lt;group&gt;</string>
		</dict>
		<key>57F2280F15F0C3C5005DAA3C</key>
		<dict>
			<key>isa</key>
			<string>PBXFileReference</string>
			<key>lastKnownFileType</key>
			<string>sourcecode.c.h</string>
			<key>path</key>
			<string>AGAppDelegate.h</string>
			<key>sourceTree</key>
			<string>&lt;group&gt;</string>
		</dict>
		<key>57F2281015F0C3C5005DAA3C</key>
		<dict>
			<key>isa</key>
			<string>PBXFileReference</string>
			<key>lastKnownFileType</key>
			<string>sourcecode.c.objc</string>
			<key>path</key>
			<string>AGAppDelegate.m</string>
			<key>sourceTree</key>
			<string>&lt;group&gt;</string>
		</dict>
		<key>57F2281115F0C3C5005DAA3C</key>
		<dict>
			<key>fileRef</key>
			<string>57F2281015F0C3C5005DAA3C</string>
			<key>isa</key>
			<string>PBXBuildFile</string>
		</dict>
		<key>57F2281215F0C3C5005DAA3C</key>
		<dict>
			<key>children</key>
			<array>
				<string>57F2281315F0C3C5005DAA3C</string>
			</array>
			<key>isa</key>
			<string>PBXVariantGroup</string>
			<key>name</key>
			<string>MainStoryboard.storyboard</string>
			<key>sourceTree</key>
			<string>&lt;group&gt;</string>
		</dict>
		<key>57F2281315F0C3C5005DAA3C</key>
		<dict>
			<key>isa</key>
			<string>PBXFileReference</string>
			<key>lastKnownFileType</key>
			<string>file.storyboard</string>
			<key>name</key>
			<string>en</string>
			<key>path</key>
			<string>en.lproj/MainStoryboard.storyboard</string>
			<key>sourceTree</key>
			<string>&lt;group&gt;</string>
		</dict>
		<key>57F2281415F0C3C5005DAA3C</key>
		<dict>
			<key>fileRef</key>
			<string>57F2281215F0C3C5005DAA3C</string>
			<key>isa</key>
			<string>PBXBuildFile</string>
		</dict>
		<key>57F2281515F0C3C5005DAA3C</key>
		<dict>
			<key>isa</key>
			<string>PBXFileReference</string>
			<key>lastKnownFileType</key>
			<string>sourcecode.c.h</string>
			<key>path</key>
			<string>AGViewController.h</string>
			<key>sourceTree</key>
			<string>&lt;group&gt;</string>
		</dict>
		<key>57F2281615F0C3C5005DAA3C</key>
		<dict>
			<key>isa</key>
			<string>PBXFileReference</string>
			<key>lastKnownFileType</key>
			<string>sourcecode.c.objc</string>
			<key>path</key>
			<string>AGViewController.m</string>
			<key>sourceTree</key>
			<string>&lt;group&gt;</string>
		</dict>
		<key>57F2281715F0C3C5005DAA3C</key>
		<dict>
			<key>fileRef</key>
			<string>57F2281615F0C3C5005DAA3C</string>
			<key>isa</key>
			<string>PBXBuildFile</string>
		</dict>
		<key>57F2281815F0C3C5005DAA3C</key>
		<dict>
			<key>buildActionMask</key>
			<string>2147483647</string>
			<key>files</key>
			<array>
				<string>57F2282C15F0C3C5005DAA3C</string>
			</array>
			<key>isa</key>
			<string>PBXSourcesBuildPhase</string>
			<key>runOnlyForDeploymentPostprocessing</key>
			<string>0</string>
		</dict>
		<key>57F2281915F0C3C5005DAA3C</key>
		<dict>
			<key>buildActionMask</key>
			<string>2147483647</string>
			<key>files</key>
			<array>
				<string>57F2281F15F0C3C5005DAA3C</string>
				<string>57F2282015F0C3C5005DAA3C</string>
				<string>57F2282115F0C3C5005DAA3C</string>
			</array>
			<key>isa</key>
			<string>PBXFrameworksBuildPhase</string>
			<key>runOnlyForDeploymentPostprocessing</key>
			<string>0</string>
		</dict>
		<key>57F2281A15F0C3C5005DAA3C</key>
		<dict>
			<key>buildActionMask</key>
			<string>2147483647</string>
			<key>files</key>
			<array>
				<string>57F2282915F0C3C5005DAA3C</string>
			</array>
			<key>isa</key>
			<string>PBXResourcesBuildPhase</string>
			<key>runOnlyForDeploymentPostprocessing</key>
			<string>0</string>
		</dict>
		<key>57F2281B15F0C3C5005DAA3C</key>
		<dict>
			<key>buildActionMask</key>
			<string>2147483647</string>
			<key>files</key>
			<array/>
			<key>inputPaths</key>
			<array/>
			<key>isa</key>
			<string>PBXShellScriptBuildPhase</string>
			<key>outputPaths</key>
			<array/>
			<key>runOnlyForDeploymentPostprocessing</key>
			<string>0</string>
			<key>shellPath</key>
			<string>/bin/sh</string>
			<key>shellScript</key>
			<string># Run the unit tests in this test bundle.
"${SYSTEM_DEVELOPER_DIR}/Tools/RunUnitTests"
</string>
		</dict>
		<key>57F2281C15F0C3C5005DAA3C</key>
		<dict>
			<key>buildConfigurationList</key>
			<string>57F2283215F0C3C5005DAA3C</string>
			<key>buildPhases</key>
			<array>
				<string>57F2281815F0C3C5005DAA3C</string>
				<string>57F2281915F0C3C5005DAA3C</string>
				<string>57F2281A15F0C3C5005DAA3C</string>
				<string>57F2281B15F0C3C5005DAA3C</string>
			</array>
			<key>buildRules</key>
			<array/>
			<key>dependencies</key>
			<array>
				<string>57F2282315F0C3C5005DAA3C</string>
			</array>
			<key>isa</key>
			<string>PBXNativeTarget</string>
			<key>name</key>
			<string>AeroGear-TODOTests</string>
			<key>productName</key>
			<string>AeroGear-TODOTests</string>
			<key>productReference</key>
			<string>57F2281D15F0C3C5005DAA3C</string>
			<key>productType</key>
			<string>com.apple.product-type.bundle</string>
		</dict>
		<key>57F2281D15F0C3C5005DAA3C</key>
		<dict>
			<key>explicitFileType</key>
			<string>wrapper.cfbundle</string>
			<key>includeInIndex</key>
			<string>0</string>
			<key>isa</key>
			<string>PBXFileReference</string>
			<key>name</key>
			<string>AeroGear-TODOTests.octest</string>
			<key>path</key>
			<string>AeroGear-TODOTests.octest</string>
			<key>sourceTree</key>
			<string>BUILT_PRODUCTS_DIR</string>
		</dict>
		<key>57F2281E15F0C3C5005DAA3C</key>
		<dict>
			<key>isa</key>
			<string>PBXFileReference</string>
			<key>lastKnownFileType</key>
			<string>wrapper.framework</string>
			<key>name</key>
			<string>SenTestingKit.framework</string>
			<key>path</key>
			<string>Library/Frameworks/SenTestingKit.framework</string>
			<key>sourceTree</key>
			<string>DEVELOPER_DIR</string>
		</dict>
		<key>57F2281F15F0C3C5005DAA3C</key>
		<dict>
			<key>fileRef</key>
			<string>57F2281E15F0C3C5005DAA3C</string>
			<key>isa</key>
			<string>PBXBuildFile</string>
		</dict>
		<key>57F2282015F0C3C5005DAA3C</key>
		<dict>
			<key>fileRef</key>
			<string>57F2280015F0C3C5005DAA3C</string>
			<key>isa</key>
			<string>PBXBuildFile</string>
		</dict>
		<key>57F2282115F0C3C5005DAA3C</key>
		<dict>
			<key>fileRef</key>
			<string>57F2280215F0C3C5005DAA3C</string>
			<key>isa</key>
			<string>PBXBuildFile</string>
		</dict>
		<key>57F2282215F0C3C5005DAA3C</key>
		<dict>
			<key>containerPortal</key>
			<string>57F227F315F0C3C5005DAA3C</string>
			<key>isa</key>
			<string>PBXContainerItemProxy</string>
			<key>proxyType</key>
			<string>1</string>
			<key>remoteGlobalIDString</key>
			<string>57F227FB15F0C3C5005DAA3C</string>
			<key>remoteInfo</key>
			<string>AeroGear-TODO</string>
		</dict>
		<key>57F2282315F0C3C5005DAA3C</key>
		<dict>
			<key>isa</key>
			<string>PBXTargetDependency</string>
			<key>target</key>
			<string>57F227FB15F0C3C5005DAA3C</string>
			<key>targetProxy</key>
			<string>57F2282215F0C3C5005DAA3C</string>
		</dict>
		<key>57F2282415F0C3C5005DAA3C</key>
		<dict>
			<key>children</key>
			<array>
				<string>57F2282A15F0C3C5005DAA3C</string>
				<string>57F2282B15F0C3C5005DAA3C</string>
				<string>57F2282515F0C3C5005DAA3C</string>
			</array>
			<key>isa</key>
			<string>PBXGroup</string>
			<key>path</key>
			<string>AeroGear-TODOTests</string>
			<key>sourceTree</key>
			<string>&lt;group&gt;</string>
		</dict>
		<key>57F2282515F0C3C5005DAA3C</key>
		<dict>
			<key>children</key>
			<array>
				<string>57F2282615F0C3C5005DAA3C</string>
				<string>57F2282715F0C3C5005DAA3C</string>
			</array>
			<key>isa</key>
			<string>PBXGroup</string>
			<key>name</key>
			<string>Supporting Files</string>
			<key>sourceTree</key>
			<string>&lt;group&gt;</string>
		</dict>
		<key>57F2282615F0C3C5005DAA3C</key>
		<dict>
			<key>isa</key>
			<string>PBXFileReference</string>
			<key>lastKnownFileType</key>
			<string>text.plist.xml</string>
			<key>path</key>
			<string>AeroGear-TODOTests-Info.plist</string>
			<key>sourceTree</key>
			<string>&lt;group&gt;</string>
		</dict>
		<key>57F2282715F0C3C5005DAA3C</key>
		<dict>
			<key>children</key>
			<array>
				<string>57F2282815F0C3C5005DAA3C</string>
			</array>
			<key>isa</key>
			<string>PBXVariantGroup</string>
			<key>name</key>
			<string>InfoPlist.strings</string>
			<key>sourceTree</key>
			<string>&lt;group&gt;</string>
		</dict>
		<key>57F2282815F0C3C5005DAA3C</key>
		<dict>
			<key>isa</key>
			<string>PBXFileReference</string>
			<key>lastKnownFileType</key>
			<string>text.plist.strings</string>
			<key>name</key>
			<string>en</string>
			<key>path</key>
			<string>en.lproj/InfoPlist.strings</string>
			<key>sourceTree</key>
			<string>&lt;group&gt;</string>
		</dict>
		<key>57F2282915F0C3C5005DAA3C</key>
		<dict>
			<key>fileRef</key>
			<string>57F2282715F0C3C5005DAA3C</string>
			<key>isa</key>
			<string>PBXBuildFile</string>
		</dict>
		<key>57F2282A15F0C3C5005DAA3C</key>
		<dict>
			<key>isa</key>
			<string>PBXFileReference</string>
			<key>lastKnownFileType</key>
			<string>sourcecode.c.h</string>
			<key>path</key>
			<string>AeroGear_TODOTests.h</string>
			<key>sourceTree</key>
			<string>&lt;group&gt;</string>
		</dict>
		<key>57F2282B15F0C3C5005DAA3C</key>
		<dict>
			<key>isa</key>
			<string>PBXFileReference</string>
			<key>lastKnownFileType</key>
			<string>sourcecode.c.objc</string>
			<key>path</key>
			<string>AeroGear_TODOTests.m</string>
			<key>sourceTree</key>
			<string>&lt;group&gt;</string>
		</dict>
		<key>57F2282C15F0C3C5005DAA3C</key>
		<dict>
			<key>fileRef</key>
			<string>57F2282B15F0C3C5005DAA3C</string>
			<key>isa</key>
			<string>PBXBuildFile</string>
		</dict>
		<key>57F2282D15F0C3C5005DAA3C</key>
		<dict>
			<key>buildSettings</key>
			<dict>
				<key>ALWAYS_SEARCH_USER_PATHS</key>
				<string>NO</string>
				<key>ARCHS</key>
				<string>$(ARCHS_STANDARD_32_BIT)</string>
				<key>CLANG_CXX_LANGUAGE_STANDARD</key>
				<string>gnu++0x</string>
				<key>CLANG_ENABLE_OBJC_ARC</key>
				<string>YES</string>
				<key>CLANG_WARN__DUPLICATE_METHOD_MATCH</key>
				<string>YES</string>
				<key>CODE_SIGN_IDENTITY[sdk=iphoneos*]</key>
				<string>iPhone Developer</string>
				<key>COPY_PHASE_STRIP</key>
				<string>NO</string>
				<key>GCC_C_LANGUAGE_STANDARD</key>
				<string>gnu99</string>
				<key>GCC_DYNAMIC_NO_PIC</key>
				<string>NO</string>
				<key>GCC_OPTIMIZATION_LEVEL</key>
				<string>0</string>
				<key>GCC_PREPROCESSOR_DEFINITIONS</key>
				<array>
					<string>DEBUG=1</string>
					<string>$(inherited)</string>
				</array>
				<key>GCC_SYMBOLS_PRIVATE_EXTERN</key>
				<string>NO</string>
				<key>GCC_VERSION</key>
				<string>com.apple.compilers.llvm.clang.1_0</string>
				<key>GCC_WARN_ABOUT_RETURN_TYPE</key>
				<string>YES</string>
				<key>GCC_WARN_UNINITIALIZED_AUTOS</key>
				<string>YES</string>
				<key>GCC_WARN_UNUSED_VARIABLE</key>
				<string>YES</string>
				<key>IPHONEOS_DEPLOYMENT_TARGET</key>
				<string>5.1</string>
				<key>SDKROOT</key>
				<string>iphoneos</string>
			</dict>
			<key>isa</key>
			<string>XCBuildConfiguration</string>
			<key>name</key>
			<string>Debug</string>
		</dict>
		<key>57F2282E15F0C3C5005DAA3C</key>
		<dict>
			<key>buildSettings</key>
			<dict>
				<key>ALWAYS_SEARCH_USER_PATHS</key>
				<string>NO</string>
				<key>ARCHS</key>
				<string>$(ARCHS_STANDARD_32_BIT)</string>
				<key>CLANG_CXX_LANGUAGE_STANDARD</key>
				<string>gnu++0x</string>
				<key>CLANG_ENABLE_OBJC_ARC</key>
				<string>YES</string>
				<key>CLANG_WARN__DUPLICATE_METHOD_MATCH</key>
				<string>YES</string>
				<key>CODE_SIGN_IDENTITY[sdk=iphoneos*]</key>
				<string>iPhone Developer</string>
				<key>COPY_PHASE_STRIP</key>
				<string>YES</string>
				<key>GCC_C_LANGUAGE_STANDARD</key>
				<string>gnu99</string>
				<key>GCC_VERSION</key>
				<string>com.apple.compilers.llvm.clang.1_0</string>
				<key>GCC_WARN_ABOUT_RETURN_TYPE</key>
				<string>YES</string>
				<key>GCC_WARN_UNINITIALIZED_AUTOS</key>
				<string>YES</string>
				<key>GCC_WARN_UNUSED_VARIABLE</key>
				<string>YES</string>
				<key>IPHONEOS_DEPLOYMENT_TARGET</key>
				<string>5.1</string>
				<key>OTHER_CFLAGS</key>
				<string>-DNS_BLOCK_ASSERTIONS=1</string>
				<key>SDKROOT</key>
				<string>iphoneos</string>
				<key>VALIDATE_PRODUCT</key>
				<string>YES</string>
			</dict>
			<key>isa</key>
			<string>XCBuildConfiguration</string>
			<key>name</key>
			<string>Release</string>
		</dict>
		<key>57F2282F15F0C3C5005DAA3C</key>
		<dict>
			<key>buildConfigurations</key>
			<array>
				<string>57F2283015F0C3C5005DAA3C</string>
				<string>57F2283115F0C3C5005DAA3C</string>
			</array>
			<key>defaultConfigurationIsVisible</key>
			<string>0</string>
			<key>isa</key>
			<string>XCConfigurationList</string>
		</dict>
		<key>57F2283015F0C3C5005DAA3C</key>
		<dict>
			<key>baseConfigurationReference</key>
			<string>3C1939FDBF8A4E8E8174BED8</string>
			<key>buildSettings</key>
			<dict>
				<key>GCC_PRECOMPILE_PREFIX_HEADER</key>
				<string>YES</string>
				<key>GCC_PREFIX_HEADER</key>
				<string>AeroGear-TODO/AeroGear-TODO-Prefix.pch</string>
				<key>INFOPLIST_FILE</key>
				<string>AeroGear-TODO/AeroGear-TODO-Info.plist</string>
				<key>PRODUCT_NAME</key>
				<string>$(TARGET_NAME)</string>
				<key>WRAPPER_EXTENSION</key>
				<string>app</string>
			</dict>
			<key>isa</key>
			<string>XCBuildConfiguration</string>
			<key>name</key>
			<string>Debug</string>
		</dict>
		<key>57F2283115F0C3C5005DAA3C</key>
		<dict>
			<key>baseConfigurationReference</key>
			<string>3C1939FDBF8A4E8E8174BED8</string>
			<key>buildSettings</key>
			<dict>
				<key>GCC_PRECOMPILE_PREFIX_HEADER</key>
				<string>YES</string>
				<key>GCC_PREFIX_HEADER</key>
				<string>AeroGear-TODO/AeroGear-TODO-Prefix.pch</string>
				<key>INFOPLIST_FILE</key>
				<string>AeroGear-TODO/AeroGear-TODO-Info.plist</string>
				<key>PRODUCT_NAME</key>
				<string>$(TARGET_NAME)</string>
				<key>WRAPPER_EXTENSION</key>
				<string>app</string>
			</dict>
			<key>isa</key>
			<string>XCBuildConfiguration</string>
			<key>name</key>
			<string>Release</string>
		</dict>
		<key>57F2283215F0C3C5005DAA3C</key>
		<dict>
			<key>buildConfigurations</key>
			<array>
				<string>57F2283315F0C3C5005DAA3C</string>
				<string>57F2283415F0C3C5005DAA3C</string>
			</array>
			<key>defaultConfigurationIsVisible</key>
			<string>0</string>
			<key>isa</key>
			<string>XCConfigurationList</string>
		</dict>
		<key>57F2283315F0C3C5005DAA3C</key>
		<dict>
			<key>buildSettings</key>
			<dict>
				<key>BUNDLE_LOADER</key>
				<string>$(BUILT_PRODUCTS_DIR)/AeroGear-TODO.app/AeroGear-TODO</string>
				<key>FRAMEWORK_SEARCH_PATHS</key>
				<array>
					<string>"$(SDKROOT)/Developer/Library/Frameworks"</string>
					<string>"$(DEVELOPER_LIBRARY_DIR)/Frameworks"</string>
				</array>
				<key>GCC_PRECOMPILE_PREFIX_HEADER</key>
				<string>YES</string>
				<key>GCC_PREFIX_HEADER</key>
				<string>AeroGear-TODO/AeroGear-TODO-Prefix.pch</string>
				<key>INFOPLIST_FILE</key>
				<string>AeroGear-TODOTests/AeroGear-TODOTests-Info.plist</string>
				<key>PRODUCT_NAME</key>
				<string>$(TARGET_NAME)</string>
				<key>TEST_HOST</key>
				<string>$(BUNDLE_LOADER)</string>
				<key>WRAPPER_EXTENSION</key>
				<string>octest</string>
			</dict>
			<key>isa</key>
			<string>XCBuildConfiguration</string>
			<key>name</key>
			<string>Debug</string>
		</dict>
		<key>57F2283415F0C3C5005DAA3C</key>
		<dict>
			<key>buildSettings</key>
			<dict>
				<key>BUNDLE_LOADER</key>
				<string>$(BUILT_PRODUCTS_DIR)/AeroGear-TODO.app/AeroGear-TODO</string>
				<key>FRAMEWORK_SEARCH_PATHS</key>
				<array>
					<string>"$(SDKROOT)/Developer/Library/Frameworks"</string>
					<string>"$(DEVELOPER_LIBRARY_DIR)/Frameworks"</string>
				</array>
				<key>GCC_PRECOMPILE_PREFIX_HEADER</key>
				<string>YES</string>
				<key>GCC_PREFIX_HEADER</key>
				<string>AeroGear-TODO/AeroGear-TODO-Prefix.pch</string>
				<key>INFOPLIST_FILE</key>
				<string>AeroGear-TODOTests/AeroGear-TODOTests-Info.plist</string>
				<key>PRODUCT_NAME</key>
				<string>$(TARGET_NAME)</string>
				<key>TEST_HOST</key>
				<string>$(BUNDLE_LOADER)</string>
				<key>WRAPPER_EXTENSION</key>
				<string>octest</string>
			</dict>
			<key>isa</key>
			<string>XCBuildConfiguration</string>
			<key>name</key>
			<string>Release</string>
		</dict>
		<key>B8029C177F0C4C9486B0A095</key>
		<dict>
			<key>explicitFileType</key>
			<string>archive.ar</string>
			<key>includeInIndex</key>
			<string>0</string>
			<key>isa</key>
			<string>PBXFileReference</string>
			<key>name</key>
			<string>libPods.a</string>
			<key>path</key>
			<string>libPods.a</string>
			<key>sourceTree</key>
			<string>BUILT_PRODUCTS_DIR</string>
		</dict>
	</dict>
	<key>rootObject</key>
	<string>57F227F315F0C3C5005DAA3C</string>
</dict>
</plist>
