// !$*UTF8*$!
{
	archiveVersion = 1;
	classes = {
	};
	objectVersion = 46;
	objects = {

/* Begin PBXBuildFile section */
		3D069C7EE3134BD8B5D02902 /* libPods.a in Frameworks */ = {isa = PBXBuildFile; fileRef = B8029C177F0C4C9486B0A095 /* libPods.a */; };
		57F2280115F0C3C5005DAA3C /* UIKit.framework in Frameworks */ = {isa = PBXBuildFile; fileRef = 57F2280015F0C3C5005DAA3C /* UIKit.framework */; };
		57F2280315F0C3C5005DAA3C /* Foundation.framework in Frameworks */ = {isa = PBXBuildFile; fileRef = 57F2280215F0C3C5005DAA3C /* Foundation.framework */; };
		57F2280515F0C3C5005DAA3C /* CoreGraphics.framework in Frameworks */ = {isa = PBXBuildFile; fileRef = 57F2280415F0C3C5005DAA3C /* CoreGraphics.framework */; };
		57F2280B15F0C3C5005DAA3C /* InfoPlist.strings in Resources */ = {isa = PBXBuildFile; fileRef = 57F2280915F0C3C5005DAA3C /* InfoPlist.strings */; };
		57F2280D15F0C3C5005DAA3C /* main.m in Sources */ = {isa = PBXBuildFile; fileRef = 57F2280C15F0C3C5005DAA3C /* main.m */; };
		57F2281115F0C3C5005DAA3C /* AGAppDelegate.m in Sources */ = {isa = PBXBuildFile; fileRef = 57F2281015F0C3C5005DAA3C /* AGAppDelegate.m */; };
		57F2281715F0C3C5005DAA3C /* AGTasksViewController.m in Sources */ = {isa = PBXBuildFile; fileRef = 57F2281615F0C3C5005DAA3C /* AGTasksViewController.m */; };
		57F2281F15F0C3C5005DAA3C /* SenTestingKit.framework in Frameworks */ = {isa = PBXBuildFile; fileRef = 57F2281E15F0C3C5005DAA3C /* SenTestingKit.framework */; };
		57F2282015F0C3C5005DAA3C /* UIKit.framework in Frameworks */ = {isa = PBXBuildFile; fileRef = 57F2280015F0C3C5005DAA3C /* UIKit.framework */; };
		57F2282115F0C3C5005DAA3C /* Foundation.framework in Frameworks */ = {isa = PBXBuildFile; fileRef = 57F2280215F0C3C5005DAA3C /* Foundation.framework */; };
		57F2282915F0C3C5005DAA3C /* InfoPlist.strings in Resources */ = {isa = PBXBuildFile; fileRef = 57F2282715F0C3C5005DAA3C /* InfoPlist.strings */; };
		57F2282C15F0C3C5005DAA3C /* AeroGear_TODOTests.m in Sources */ = {isa = PBXBuildFile; fileRef = 57F2282B15F0C3C5005DAA3C /* AeroGear_TODOTests.m */; };
		6F50269216147144003CA352 /* tags.png in Resources */ = {isa = PBXBuildFile; fileRef = 6F50269016147144003CA352 /* tags.png */; };
		6F502695161471E9003CA352 /* projects.png in Resources */ = {isa = PBXBuildFile; fileRef = 6F502694161471E9003CA352 /* projects.png */; };
/* End PBXBuildFile section */

/* Begin PBXContainerItemProxy section */
		57F2282215F0C3C5005DAA3C /* PBXContainerItemProxy */ = {
			isa = PBXContainerItemProxy;
			containerPortal = 57F227F315F0C3C5005DAA3C /* Project object */;
			proxyType = 1;
			remoteGlobalIDString = 57F227FB15F0C3C5005DAA3C;
			remoteInfo = "AeroGear-TODO";
		};
/* End PBXContainerItemProxy section */

/* Begin PBXFileReference section */
		3C1939FDBF8A4E8E8174BED8 /* Pods.xcconfig */ = {isa = PBXFileReference; includeInIndex = 1; lastKnownFileType = text.xcconfig; name = Pods.xcconfig; path = Pods/Pods.xcconfig; sourceTree = SOURCE_ROOT; };
		57F227FC15F0C3C5005DAA3C /* AeroGear-TODO.app */ = {isa = PBXFileReference; explicitFileType = wrapper.application; includeInIndex = 0; path = "AeroGear-TODO.app"; sourceTree = BUILT_PRODUCTS_DIR; };
		57F2280015F0C3C5005DAA3C /* UIKit.framework */ = {isa = PBXFileReference; includeInIndex = 1; lastKnownFileType = wrapper.framework; name = UIKit.framework; path = System/Library/Frameworks/UIKit.framework; sourceTree = SDKROOT; };
		57F2280215F0C3C5005DAA3C /* Foundation.framework */ = {isa = PBXFileReference; includeInIndex = 1; lastKnownFileType = wrapper.framework; name = Foundation.framework; path = System/Library/Frameworks/Foundation.framework; sourceTree = SDKROOT; };
		57F2280415F0C3C5005DAA3C /* CoreGraphics.framework */ = {isa = PBXFileReference; includeInIndex = 1; lastKnownFileType = wrapper.framework; name = CoreGraphics.framework; path = System/Library/Frameworks/CoreGraphics.framework; sourceTree = SDKROOT; };
		57F2280815F0C3C5005DAA3C /* AeroGear-TODO-Info.plist */ = {isa = PBXFileReference; lastKnownFileType = text.plist.xml; path = "AeroGear-TODO-Info.plist"; sourceTree = "<group>"; };
		57F2280A15F0C3C5005DAA3C /* en */ = {isa = PBXFileReference; lastKnownFileType = text.plist.strings; name = en; path = en.lproj/InfoPlist.strings; sourceTree = "<group>"; };
		57F2280C15F0C3C5005DAA3C /* main.m */ = {isa = PBXFileReference; lastKnownFileType = sourcecode.c.objc; path = main.m; sourceTree = "<group>"; };
		57F2280E15F0C3C5005DAA3C /* AeroGear-TODO-Prefix.pch */ = {isa = PBXFileReference; lastKnownFileType = sourcecode.c.h; path = "AeroGear-TODO-Prefix.pch"; sourceTree = "<group>"; };
		57F2280F15F0C3C5005DAA3C /* AGAppDelegate.h */ = {isa = PBXFileReference; lastKnownFileType = sourcecode.c.h; path = AGAppDelegate.h; sourceTree = "<group>"; };
		57F2281015F0C3C5005DAA3C /* AGAppDelegate.m */ = {isa = PBXFileReference; lastKnownFileType = sourcecode.c.objc; path = AGAppDelegate.m; sourceTree = "<group>"; };
		57F2281515F0C3C5005DAA3C /* AGTasksViewController.h */ = {isa = PBXFileReference; lastKnownFileType = sourcecode.c.h; path = AGTasksViewController.h; sourceTree = "<group>"; };
		57F2281615F0C3C5005DAA3C /* AGTasksViewController.m */ = {isa = PBXFileReference; lastKnownFileType = sourcecode.c.objc; path = AGTasksViewController.m; sourceTree = "<group>"; };
		57F2281D15F0C3C5005DAA3C /* AeroGear-TODOTests.octest */ = {isa = PBXFileReference; explicitFileType = wrapper.cfbundle; includeInIndex = 0; path = "AeroGear-TODOTests.octest"; sourceTree = BUILT_PRODUCTS_DIR; };
		57F2281E15F0C3C5005DAA3C /* SenTestingKit.framework */ = {isa = PBXFileReference; lastKnownFileType = wrapper.framework; name = SenTestingKit.framework; path = Library/Frameworks/SenTestingKit.framework; sourceTree = DEVELOPER_DIR; };
		57F2282615F0C3C5005DAA3C /* AeroGear-TODOTests-Info.plist */ = {isa = PBXFileReference; lastKnownFileType = text.plist.xml; path = "AeroGear-TODOTests-Info.plist"; sourceTree = "<group>"; };
		57F2282815F0C3C5005DAA3C /* en */ = {isa = PBXFileReference; lastKnownFileType = text.plist.strings; name = en; path = en.lproj/InfoPlist.strings; sourceTree = "<group>"; };
		57F2282A15F0C3C5005DAA3C /* AeroGear_TODOTests.h */ = {isa = PBXFileReference; lastKnownFileType = sourcecode.c.h; path = AeroGear_TODOTests.h; sourceTree = "<group>"; };
		57F2282B15F0C3C5005DAA3C /* AeroGear_TODOTests.m */ = {isa = PBXFileReference; lastKnownFileType = sourcecode.c.objc; path = AeroGear_TODOTests.m; sourceTree = "<group>"; };
		6F50269016147144003CA352 /* tags.png */ = {isa = PBXFileReference; lastKnownFileType = image.png; path = tags.png; sourceTree = "<group>"; };
		6F502694161471E9003CA352 /* projects.png */ = {isa = PBXFileReference; lastKnownFileType = image.png; path = projects.png; sourceTree = "<group>"; };
		B8029C177F0C4C9486B0A095 /* libPods.a */ = {isa = PBXFileReference; explicitFileType = archive.ar; includeInIndex = 0; path = libPods.a; sourceTree = BUILT_PRODUCTS_DIR; };
/* End PBXFileReference section */

/* Begin PBXFrameworksBuildPhase section */
		57F227F915F0C3C5005DAA3C /* Frameworks */ = {
			isa = PBXFrameworksBuildPhase;
			buildActionMask = 2147483647;
			files = (
				57F2280115F0C3C5005DAA3C /* UIKit.framework in Frameworks */,
				57F2280315F0C3C5005DAA3C /* Foundation.framework in Frameworks */,
				57F2280515F0C3C5005DAA3C /* CoreGraphics.framework in Frameworks */,
				3D069C7EE3134BD8B5D02902 /* libPods.a in Frameworks */,
			);
			runOnlyForDeploymentPostprocessing = 0;
		};
		57F2281915F0C3C5005DAA3C /* Frameworks */ = {
			isa = PBXFrameworksBuildPhase;
			buildActionMask = 2147483647;
			files = (
				57F2281F15F0C3C5005DAA3C /* SenTestingKit.framework in Frameworks */,
				57F2282015F0C3C5005DAA3C /* UIKit.framework in Frameworks */,
				57F2282115F0C3C5005DAA3C /* Foundation.framework in Frameworks */,
			);
			runOnlyForDeploymentPostprocessing = 0;
		};
/* End PBXFrameworksBuildPhase section */

/* Begin PBXGroup section */
		57F227F115F0C3C5005DAA3C = {
			isa = PBXGroup;
			children = (
				57F2280615F0C3C5005DAA3C /* AeroGear-TODO */,
				57F2282415F0C3C5005DAA3C /* AeroGear-TODOTests */,
				57F227FF15F0C3C5005DAA3C /* Frameworks */,
				57F227FD15F0C3C5005DAA3C /* Products */,
				3C1939FDBF8A4E8E8174BED8 /* Pods.xcconfig */,
			);
			sourceTree = "<group>";
		};
		57F227FD15F0C3C5005DAA3C /* Products */ = {
			isa = PBXGroup;
			children = (
				57F227FC15F0C3C5005DAA3C /* AeroGear-TODO.app */,
				57F2281D15F0C3C5005DAA3C /* AeroGear-TODOTests.octest */,
			);
			name = Products;
			sourceTree = "<group>";
		};
		57F227FF15F0C3C5005DAA3C /* Frameworks */ = {
			isa = PBXGroup;
			children = (
				57F2280015F0C3C5005DAA3C /* UIKit.framework */,
				57F2280215F0C3C5005DAA3C /* Foundation.framework */,
				57F2280415F0C3C5005DAA3C /* CoreGraphics.framework */,
				57F2281E15F0C3C5005DAA3C /* SenTestingKit.framework */,
				B8029C177F0C4C9486B0A095 /* libPods.a */,
			);
			name = Frameworks;
			sourceTree = "<group>";
		};
		57F2280615F0C3C5005DAA3C /* AeroGear-TODO */ = {
			isa = PBXGroup;
			children = (
				6F7E52AA16144DB900C99FDE /* Controllers */,
				57F2280F15F0C3C5005DAA3C /* AGAppDelegate.h */,
				57F2281015F0C3C5005DAA3C /* AGAppDelegate.m */,
				6F50268816146AD1003CA352 /* Images */,
				57F2280715F0C3C5005DAA3C /* Supporting Files */,
			);
			path = "AeroGear-TODO";
			sourceTree = "<group>";
		};
		57F2280715F0C3C5005DAA3C /* Supporting Files */ = {
			isa = PBXGroup;
			children = (
				57F2280815F0C3C5005DAA3C /* AeroGear-TODO-Info.plist */,
				57F2280915F0C3C5005DAA3C /* InfoPlist.strings */,
				57F2280C15F0C3C5005DAA3C /* main.m */,
				57F2280E15F0C3C5005DAA3C /* AeroGear-TODO-Prefix.pch */,
			);
			name = "Supporting Files";
			sourceTree = "<group>";
		};
		57F2282415F0C3C5005DAA3C /* AeroGear-TODOTests */ = {
			isa = PBXGroup;
			children = (
				57F2282A15F0C3C5005DAA3C /* AeroGear_TODOTests.h */,
				57F2282B15F0C3C5005DAA3C /* AeroGear_TODOTests.m */,
				57F2282515F0C3C5005DAA3C /* Supporting Files */,
			);
			path = "AeroGear-TODOTests";
			sourceTree = "<group>";
		};
		57F2282515F0C3C5005DAA3C /* Supporting Files */ = {
			isa = PBXGroup;
			children = (
				57F2282615F0C3C5005DAA3C /* AeroGear-TODOTests-Info.plist */,
				57F2282715F0C3C5005DAA3C /* InfoPlist.strings */,
			);
			name = "Supporting Files";
			sourceTree = "<group>";
		};
		6F50268816146AD1003CA352 /* Images */ = {
			isa = PBXGroup;
			children = (
				6F502694161471E9003CA352 /* projects.png */,
				6F50269016147144003CA352 /* tags.png */,
			);
			name = Images;
			sourceTree = "<group>";
		};
		6F7E52AA16144DB900C99FDE /* Controllers */ = {
			isa = PBXGroup;
			children = (
				57F2281515F0C3C5005DAA3C /* AGTasksViewController.h */,
				57F2281615F0C3C5005DAA3C /* AGTasksViewController.m */,
			);
			name = Controllers;
			sourceTree = "<group>";
		};
/* End PBXGroup section */

/* Begin PBXNativeTarget section */
		57F227FB15F0C3C5005DAA3C /* AeroGear-TODO */ = {
			isa = PBXNativeTarget;
			buildConfigurationList = 57F2282F15F0C3C5005DAA3C /* Build configuration list for PBXNativeTarget "AeroGear-TODO" */;
			buildPhases = (
				57F227F815F0C3C5005DAA3C /* Sources */,
				57F227F915F0C3C5005DAA3C /* Frameworks */,
				57F227FA15F0C3C5005DAA3C /* Resources */,
				4B522604C8134F8FAE844F42 /* Copy Pods Resources */,
			);
			buildRules = (
			);
			dependencies = (
			);
			name = "AeroGear-TODO";
			productName = "AeroGear-TODO";
			productReference = 57F227FC15F0C3C5005DAA3C /* AeroGear-TODO.app */;
			productType = "com.apple.product-type.application";
		};
		57F2281C15F0C3C5005DAA3C /* AeroGear-TODOTests */ = {
			isa = PBXNativeTarget;
			buildConfigurationList = 57F2283215F0C3C5005DAA3C /* Build configuration list for PBXNativeTarget "AeroGear-TODOTests" */;
			buildPhases = (
				57F2281815F0C3C5005DAA3C /* Sources */,
				57F2281915F0C3C5005DAA3C /* Frameworks */,
				57F2281A15F0C3C5005DAA3C /* Resources */,
				57F2281B15F0C3C5005DAA3C /* ShellScript */,
			);
			buildRules = (
			);
			dependencies = (
				57F2282315F0C3C5005DAA3C /* PBXTargetDependency */,
			);
			name = "AeroGear-TODOTests";
			productName = "AeroGear-TODOTests";
			productReference = 57F2281D15F0C3C5005DAA3C /* AeroGear-TODOTests.octest */;
			productType = "com.apple.product-type.bundle";
		};
/* End PBXNativeTarget section */

/* Begin PBXProject section */
		57F227F315F0C3C5005DAA3C /* Project object */ = {
			isa = PBXProject;
			attributes = {
				CLASSPREFIX = AG;
				LastUpgradeCheck = 0440;
				ORGANIZATIONNAME = JBoss;
			};
			buildConfigurationList = 57F227F615F0C3C5005DAA3C /* Build configuration list for PBXProject "AeroGear-TODO" */;
			compatibilityVersion = "Xcode 3.2";
			developmentRegion = English;
			hasScannedForEncodings = 0;
			knownRegions = (
				en,
			);
			mainGroup = 57F227F115F0C3C5005DAA3C;
			productRefGroup = 57F227FD15F0C3C5005DAA3C /* Products */;
			projectDirPath = "";
			projectRoot = "";
			targets = (
				57F227FB15F0C3C5005DAA3C /* AeroGear-TODO */,
				57F2281C15F0C3C5005DAA3C /* AeroGear-TODOTests */,
			);
		};
/* End PBXProject section */

/* Begin PBXResourcesBuildPhase section */
		57F227FA15F0C3C5005DAA3C /* Resources */ = {
			isa = PBXResourcesBuildPhase;
			buildActionMask = 2147483647;
			files = (
				57F2280B15F0C3C5005DAA3C /* InfoPlist.strings in Resources */,
				6F50269216147144003CA352 /* tags.png in Resources */,
				6F502695161471E9003CA352 /* projects.png in Resources */,
			);
			runOnlyForDeploymentPostprocessing = 0;
		};
		57F2281A15F0C3C5005DAA3C /* Resources */ = {
			isa = PBXResourcesBuildPhase;
			buildActionMask = 2147483647;
			files = (
				57F2282915F0C3C5005DAA3C /* InfoPlist.strings in Resources */,
			);
			runOnlyForDeploymentPostprocessing = 0;
		};
/* End PBXResourcesBuildPhase section */

/* Begin PBXShellScriptBuildPhase section */
		4B522604C8134F8FAE844F42 /* Copy Pods Resources */ = {
			isa = PBXShellScriptBuildPhase;
			buildActionMask = 2147483647;
			files = (
			);
			inputPaths = (
			);
			name = "Copy Pods Resources";
			outputPaths = (
			);
			runOnlyForDeploymentPostprocessing = 0;
			shellPath = /bin/sh;
			shellScript = "\"${SRCROOT}/Pods/Pods-resources.sh\"\n";
		};
		57F2281B15F0C3C5005DAA3C /* ShellScript */ = {
			isa = PBXShellScriptBuildPhase;
			buildActionMask = 2147483647;
			files = (
			);
			inputPaths = (
			);
			outputPaths = (
			);
			runOnlyForDeploymentPostprocessing = 0;
			shellPath = /bin/sh;
			shellScript = "# Run the unit tests in this test bundle.\n\"${SYSTEM_DEVELOPER_DIR}/Tools/RunUnitTests\"\n";
		};
/* End PBXShellScriptBuildPhase section */

/* Begin PBXSourcesBuildPhase section */
		57F227F815F0C3C5005DAA3C /* Sources */ = {
			isa = PBXSourcesBuildPhase;
			buildActionMask = 2147483647;
			files = (
				57F2280D15F0C3C5005DAA3C /* main.m in Sources */,
				57F2281115F0C3C5005DAA3C /* AGAppDelegate.m in Sources */,
				57F2281715F0C3C5005DAA3C /* AGTasksViewController.m in Sources */,
			);
			runOnlyForDeploymentPostprocessing = 0;
		};
		57F2281815F0C3C5005DAA3C /* Sources */ = {
			isa = PBXSourcesBuildPhase;
			buildActionMask = 2147483647;
			files = (
				57F2282C15F0C3C5005DAA3C /* AeroGear_TODOTests.m in Sources */,
			);
			runOnlyForDeploymentPostprocessing = 0;
		};
/* End PBXSourcesBuildPhase section */

/* Begin PBXTargetDependency section */
		57F2282315F0C3C5005DAA3C /* PBXTargetDependency */ = {
			isa = PBXTargetDependency;
			target = 57F227FB15F0C3C5005DAA3C /* AeroGear-TODO */;
			targetProxy = 57F2282215F0C3C5005DAA3C /* PBXContainerItemProxy */;
		};
/* End PBXTargetDependency section */

/* Begin PBXVariantGroup section */
		57F2280915F0C3C5005DAA3C /* InfoPlist.strings */ = {
			isa = PBXVariantGroup;
			children = (
				57F2280A15F0C3C5005DAA3C /* en */,
			);
			name = InfoPlist.strings;
			sourceTree = "<group>";
		};
		57F2282715F0C3C5005DAA3C /* InfoPlist.strings */ = {
			isa = PBXVariantGroup;
			children = (
				57F2282815F0C3C5005DAA3C /* en */,
			);
			name = InfoPlist.strings;
			sourceTree = "<group>";
		};
/* End PBXVariantGroup section */

/* Begin XCBuildConfiguration section */
		57F2282D15F0C3C5005DAA3C /* Debug */ = {
			isa = XCBuildConfiguration;
			buildSettings = {
				ALWAYS_SEARCH_USER_PATHS = NO;
				ARCHS = "$(ARCHS_STANDARD_32_BIT)";
				CLANG_CXX_LANGUAGE_STANDARD = "gnu++0x";
				CLANG_ENABLE_OBJC_ARC = YES;
				CLANG_WARN__DUPLICATE_METHOD_MATCH = YES;
				"CODE_SIGN_IDENTITY[sdk=iphoneos*]" = "iPhone Developer";
				COPY_PHASE_STRIP = NO;
				GCC_C_LANGUAGE_STANDARD = gnu99;
				GCC_DYNAMIC_NO_PIC = NO;
				GCC_OPTIMIZATION_LEVEL = 0;
				GCC_PREPROCESSOR_DEFINITIONS = (
					"DEBUG=1",
					"$(inherited)",
				);
				GCC_SYMBOLS_PRIVATE_EXTERN = NO;
				GCC_VERSION = com.apple.compilers.llvm.clang.1_0;
				GCC_WARN_ABOUT_RETURN_TYPE = YES;
				GCC_WARN_UNINITIALIZED_AUTOS = YES;
				GCC_WARN_UNUSED_VARIABLE = YES;
				IPHONEOS_DEPLOYMENT_TARGET = 5.1;
				SDKROOT = iphoneos;
			};
			name = Debug;
		};
		57F2282E15F0C3C5005DAA3C /* Release */ = {
			isa = XCBuildConfiguration;
			buildSettings = {
				ALWAYS_SEARCH_USER_PATHS = NO;
				ARCHS = "$(ARCHS_STANDARD_32_BIT)";
				CLANG_CXX_LANGUAGE_STANDARD = "gnu++0x";
				CLANG_ENABLE_OBJC_ARC = YES;
				CLANG_WARN__DUPLICATE_METHOD_MATCH = YES;
				"CODE_SIGN_IDENTITY[sdk=iphoneos*]" = "iPhone Developer";
				COPY_PHASE_STRIP = YES;
				GCC_C_LANGUAGE_STANDARD = gnu99;
				GCC_VERSION = com.apple.compilers.llvm.clang.1_0;
				GCC_WARN_ABOUT_RETURN_TYPE = YES;
				GCC_WARN_UNINITIALIZED_AUTOS = YES;
				GCC_WARN_UNUSED_VARIABLE = YES;
				IPHONEOS_DEPLOYMENT_TARGET = 5.1;
				OTHER_CFLAGS = "-DNS_BLOCK_ASSERTIONS=1";
				SDKROOT = iphoneos;
				VALIDATE_PRODUCT = YES;
			};
			name = Release;
		};
		57F2283015F0C3C5005DAA3C /* Debug */ = {
			isa = XCBuildConfiguration;
			baseConfigurationReference = 3C1939FDBF8A4E8E8174BED8 /* Pods.xcconfig */;
			buildSettings = {
				GCC_PRECOMPILE_PREFIX_HEADER = YES;
				GCC_PREFIX_HEADER = "AeroGear-TODO/AeroGear-TODO-Prefix.pch";
				INFOPLIST_FILE = "AeroGear-TODO/AeroGear-TODO-Info.plist";
				PRODUCT_NAME = "$(TARGET_NAME)";
				WRAPPER_EXTENSION = app;
			};
			name = Debug;
		};
		57F2283115F0C3C5005DAA3C /* Release */ = {
			isa = XCBuildConfiguration;
			baseConfigurationReference = 3C1939FDBF8A4E8E8174BED8 /* Pods.xcconfig */;
			buildSettings = {
				GCC_PRECOMPILE_PREFIX_HEADER = YES;
				GCC_PREFIX_HEADER = "AeroGear-TODO/AeroGear-TODO-Prefix.pch";
				INFOPLIST_FILE = "AeroGear-TODO/AeroGear-TODO-Info.plist";
				PRODUCT_NAME = "$(TARGET_NAME)";
				WRAPPER_EXTENSION = app;
			};
			name = Release;
		};
		57F2283315F0C3C5005DAA3C /* Debug */ = {
			isa = XCBuildConfiguration;
			buildSettings = {
				BUNDLE_LOADER = "$(BUILT_PRODUCTS_DIR)/AeroGear-TODO.app/AeroGear-TODO";
				FRAMEWORK_SEARCH_PATHS = (
					"\"$(SDKROOT)/Developer/Library/Frameworks\"",
					"\"$(DEVELOPER_LIBRARY_DIR)/Frameworks\"",
				);
				GCC_PRECOMPILE_PREFIX_HEADER = YES;
				GCC_PREFIX_HEADER = "AeroGear-TODO/AeroGear-TODO-Prefix.pch";
				INFOPLIST_FILE = "AeroGear-TODOTests/AeroGear-TODOTests-Info.plist";
				PRODUCT_NAME = "$(TARGET_NAME)";
				TEST_HOST = "$(BUNDLE_LOADER)";
				WRAPPER_EXTENSION = octest;
			};
			name = Debug;
		};
		57F2283415F0C3C5005DAA3C /* Release */ = {
			isa = XCBuildConfiguration;
			buildSettings = {
				BUNDLE_LOADER = "$(BUILT_PRODUCTS_DIR)/AeroGear-TODO.app/AeroGear-TODO";
				FRAMEWORK_SEARCH_PATHS = (
					"\"$(SDKROOT)/Developer/Library/Frameworks\"",
					"\"$(DEVELOPER_LIBRARY_DIR)/Frameworks\"",
				);
				GCC_PRECOMPILE_PREFIX_HEADER = YES;
				GCC_PREFIX_HEADER = "AeroGear-TODO/AeroGear-TODO-Prefix.pch";
				INFOPLIST_FILE = "AeroGear-TODOTests/AeroGear-TODOTests-Info.plist";
				PRODUCT_NAME = "$(TARGET_NAME)";
				TEST_HOST = "$(BUNDLE_LOADER)";
				WRAPPER_EXTENSION = octest;
			};
			name = Release;
		};
/* End XCBuildConfiguration section */

/* Begin XCConfigurationList section */
		57F227F615F0C3C5005DAA3C /* Build configuration list for PBXProject "AeroGear-TODO" */ = {
			isa = XCConfigurationList;
			buildConfigurations = (
				57F2282D15F0C3C5005DAA3C /* Debug */,
				57F2282E15F0C3C5005DAA3C /* Release */,
			);
			defaultConfigurationIsVisible = 0;
			defaultConfigurationName = Release;
		};
		57F2282F15F0C3C5005DAA3C /* Build configuration list for PBXNativeTarget "AeroGear-TODO" */ = {
			isa = XCConfigurationList;
			buildConfigurations = (
				57F2283015F0C3C5005DAA3C /* Debug */,
				57F2283115F0C3C5005DAA3C /* Release */,
			);
			defaultConfigurationIsVisible = 0;
			defaultConfigurationName = Release;
		};
		57F2283215F0C3C5005DAA3C /* Build configuration list for PBXNativeTarget "AeroGear-TODOTests" */ = {
			isa = XCConfigurationList;
			buildConfigurations = (
				57F2283315F0C3C5005DAA3C /* Debug */,
				57F2283415F0C3C5005DAA3C /* Release */,
			);
			defaultConfigurationIsVisible = 0;
			defaultConfigurationName = Release;
		};
/* End XCConfigurationList section */
	};
	rootObject = 57F227F315F0C3C5005DAA3C /* Project object */;
}
